# THIS IS AN AUTOGENERATED FILE. DO NOT EDIT THIS FILE DIRECTLY.
# yarn lockfile v1


react-string-replace@^1.1.0:
  version "1.1.0"
  resolved "https://registry.yarnpkg.com/react-string-replace/-/react-string-replace-1.1.0.tgz#a3f7b458e697e77d70b0ea663caf38ab38f7cc17"
  integrity sha512-N6RalSDFGbOHs0IJi1H611WbZsvk3ZT47Jl2JEXFbiS3kTwsdCYij70Keo/tWtLy7sfhDsYm7CwNM/WmjXIaMw==
